// !$*UTF8*$!
{
	archiveVersion = 1;
	classes = {
	};
	objectVersion = 56;
	objects = {

/* Begin PBXBuildFile section */
		4A87BAE22C19CE2900868AED /* AppDelegate.swift in Sources */ = {isa = PBXBuildFile; fileRef = 4A87BAE12C19CE2900868AED /* AppDelegate.swift */; };
		4A87BAE42C19CE2900868AED /* SceneDelegate.swift in Sources */ = {isa = PBXBuildFile; fileRef = 4A87BAE32C19CE2900868AED /* SceneDelegate.swift */; };
		4A87BAE62C19CE2900868AED /* ViewController.swift in Sources */ = {isa = PBXBuildFile; fileRef = 4A87BAE52C19CE2900868AED /* ViewController.swift */; };
		4A87BAE92C19CE2900868AED /* Base in Resources */ = {isa = PBXBuildFile; fileRef = 4A87BAE82C19CE2900868AED /* Base */; };
		4A87BAEB2C19CE2A00868AED /* Assets.xcassets in Resources */ = {isa = PBXBuildFile; fileRef = 4A87BAEA2C19CE2A00868AED /* Assets.xcassets */; };
		4A87BAEE2C19CE2A00868AED /* Base in Resources */ = {isa = PBXBuildFile; fileRef = 4A87BAED2C19CE2A00868AED /* Base */; };
		4A87BAF62C19CE4400868AED /* Starjedi.ttf in Resources */ = {isa = PBXBuildFile; fileRef = 4A87BAF52C19CE4400868AED /* Starjedi.ttf */; };
		4A87BAF82C19CE4B00868AED /* Starjhol.ttf in Resources */ = {isa = PBXBuildFile; fileRef = 4A87BAF72C19CE4B00868AED /* Starjhol.ttf */; };
		4A87BAFA2C19CE5600868AED /* Starjout.ttf in Resources */ = {isa = PBXBuildFile; fileRef = 4A87BAF92C19CE5600868AED /* Starjout.ttf */; };
		4A87BB032C19F76100868AED /* BlackBgView.swift in Sources */ = {isa = PBXBuildFile; fileRef = 4A87BB022C19F76100868AED /* BlackBgView.swift */; };
		4A87BB062C19F7E700868AED /* Constant.swift in Sources */ = {isa = PBXBuildFile; fileRef = 4A87BB052C19F7E700868AED /* Constant.swift */; };
		4A87BB092C1A04C000868AED /* PersonApi.swift in Sources */ = {isa = PBXBuildFile; fileRef = 4A87BB082C1A04C000868AED /* PersonApi.swift */; };
		4A87BB0B2C1A24E300868AED /* Person.swift in Sources */ = {isa = PBXBuildFile; fileRef = 4A87BB0A2C1A24E300868AED /* Person.swift */; };
		E8DAFCBB15F5FEA0C5FB765E /* Pods_StarTrivia.framework in Frameworks */ = {isa = PBXBuildFile; fileRef = EE988A93EF185F33C1C444A2 /* Pods_StarTrivia.framework */; };
/* End PBXBuildFile section */

/* Begin PBXFileReference section */
		4A87BADE2C19CE2900868AED /* StarTrivia.app */ = {isa = PBXFileReference; explicitFileType = wrapper.application; includeInIndex = 0; path = StarTrivia.app; sourceTree = BUILT_PRODUCTS_DIR; };
		4A87BAE12C19CE2900868AED /* AppDelegate.swift */ = {isa = PBXFileReference; lastKnownFileType = sourcecode.swift; path = AppDelegate.swift; sourceTree = "<group>"; };
		4A87BAE32C19CE2900868AED /* SceneDelegate.swift */ = {isa = PBXFileReference; lastKnownFileType = sourcecode.swift; path = SceneDelegate.swift; sourceTree = "<group>"; };
		4A87BAE52C19CE2900868AED /* ViewController.swift */ = {isa = PBXFileReference; lastKnownFileType = sourcecode.swift; path = ViewController.swift; sourceTree = "<group>"; };
		4A87BAE82C19CE2900868AED /* Base */ = {isa = PBXFileReference; lastKnownFileType = file.storyboard; name = Base; path = Base.lproj/Main.storyboard; sourceTree = "<group>"; };
		4A87BAEA2C19CE2A00868AED /* Assets.xcassets */ = {isa = PBXFileReference; lastKnownFileType = folder.assetcatalog; path = Assets.xcassets; sourceTree = "<group>"; };
		4A87BAED2C19CE2A00868AED /* Base */ = {isa = PBXFileReference; lastKnownFileType = file.storyboard; name = Base; path = Base.lproj/LaunchScreen.storyboard; sourceTree = "<group>"; };
		4A87BAEF2C19CE2A00868AED /* Info.plist */ = {isa = PBXFileReference; lastKnownFileType = text.plist.xml; path = Info.plist; sourceTree = "<group>"; };
		4A87BAF52C19CE4400868AED /* Starjedi.ttf */ = {isa = PBXFileReference; lastKnownFileType = file; path = Starjedi.ttf; sourceTree = "<group>"; };
		4A87BAF72C19CE4B00868AED /* Starjhol.ttf */ = {isa = PBXFileReference; lastKnownFileType = file; path = Starjhol.ttf; sourceTree = "<group>"; };
		4A87BAF92C19CE5600868AED /* Starjout.ttf */ = {isa = PBXFileReference; lastKnownFileType = file; path = Starjout.ttf; sourceTree = "<group>"; };
		4A87BB022C19F76100868AED /* BlackBgView.swift */ = {isa = PBXFileReference; lastKnownFileType = sourcecode.swift; path = BlackBgView.swift; sourceTree = "<group>"; };
		4A87BB052C19F7E700868AED /* Constant.swift */ = {isa = PBXFileReference; lastKnownFileType = sourcecode.swift; path = Constant.swift; sourceTree = "<group>"; };
		4A87BB082C1A04C000868AED /* PersonApi.swift */ = {isa = PBXFileReference; lastKnownFileType = sourcecode.swift; path = PersonApi.swift; sourceTree = "<group>"; };
		4A87BB0A2C1A24E300868AED /* Person.swift */ = {isa = PBXFileReference; lastKnownFileType = sourcecode.swift; path = Person.swift; sourceTree = "<group>"; };
		A4CBBB1CCFE37B23BEE91F21 /* Pods-StarTrivia.release.xcconfig */ = {isa = PBXFileReference; includeInIndex = 1; lastKnownFileType = text.xcconfig; name = "Pods-StarTrivia.release.xcconfig"; path = "Target Support Files/Pods-StarTrivia/Pods-StarTrivia.release.xcconfig"; sourceTree = "<group>"; };
		EC82FA9072DF8EF5C7233B48 /* Pods-StarTrivia.debug.xcconfig */ = {isa = PBXFileReference; includeInIndex = 1; lastKnownFileType = text.xcconfig; name = "Pods-StarTrivia.debug.xcconfig"; path = "Target Support Files/Pods-StarTrivia/Pods-StarTrivia.debug.xcconfig"; sourceTree = "<group>"; };
		EE988A93EF185F33C1C444A2 /* Pods_StarTrivia.framework */ = {isa = PBXFileReference; explicitFileType = wrapper.framework; includeInIndex = 0; path = Pods_StarTrivia.framework; sourceTree = BUILT_PRODUCTS_DIR; };
/* End PBXFileReference section */

/* Begin PBXFrameworksBuildPhase section */
		4A87BADB2C19CE2900868AED /* Frameworks */ = {
			isa = PBXFrameworksBuildPhase;
			buildActionMask = 2147483647;
			files = (
				E8DAFCBB15F5FEA0C5FB765E /* Pods_StarTrivia.framework in Frameworks */,
			);
			runOnlyForDeploymentPostprocessing = 0;
		};
/* End PBXFrameworksBuildPhase section */

/* Begin PBXGroup section */
		4A87BAD52C19CE2900868AED = {
			isa = PBXGroup;
			children = (
				4A87BAE02C19CE2900868AED /* StarTrivia */,
				4A87BADF2C19CE2900868AED /* Products */,
				985C6CD2ACFCD7D43AC3F761 /* Pods */,
				CA72C3CCFE09413BA4709CDB /* Frameworks */,
			);
			sourceTree = "<group>";
		};
		4A87BADF2C19CE2900868AED /* Products */ = {
			isa = PBXGroup;
			children = (
				4A87BADE2C19CE2900868AED /* StarTrivia.app */,
			);
			name = Products;
			sourceTree = "<group>";
		};
		4A87BAE02C19CE2900868AED /* StarTrivia */ = {
			isa = PBXGroup;
			children = (
				4A87BB072C1A04A800868AED /* Services */,
				4A87BB042C19F7D400868AED /* Utilities */,
				4A87BAFF2C19CE9F00868AED /* Resources */,
				4A87BAFE2C19CE9300868AED /* Model */,
				4A87BAFD2C19CE8D00868AED /* View */,
				4A87BAFC2C19CE8500868AED /* Controller */,
				4A87BAE12C19CE2900868AED /* AppDelegate.swift */,
				4A87BAE32C19CE2900868AED /* SceneDelegate.swift */,
				4A87BAE52C19CE2900868AED /* ViewController.swift */,
				4A87BAE72C19CE2900868AED /* Main.storyboard */,
				4A87BAEA2C19CE2A00868AED /* Assets.xcassets */,
				4A87BAEC2C19CE2A00868AED /* LaunchScreen.storyboard */,
				4A87BAEF2C19CE2A00868AED /* Info.plist */,
				4A87BAFB2C19CE6400868AED /* Fonts */,
			);
			path = StarTrivia;
			sourceTree = "<group>";
		};
		4A87BAFB2C19CE6400868AED /* Fonts */ = {
			isa = PBXGroup;
			children = (
				4A87BAF52C19CE4400868AED /* Starjedi.ttf */,
				4A87BAF92C19CE5600868AED /* Starjout.ttf */,
				4A87BAF72C19CE4B00868AED /* Starjhol.ttf */,
			);
			path = Fonts;
			sourceTree = "<group>";
		};
		4A87BAFC2C19CE8500868AED /* Controller */ = {
			isa = PBXGroup;
			children = (
			);
			path = Controller;
			sourceTree = "<group>";
		};
		4A87BAFD2C19CE8D00868AED /* View */ = {
			isa = PBXGroup;
			children = (
				4A87BB022C19F76100868AED /* BlackBgView.swift */,
			);
			path = View;
			sourceTree = "<group>";
		};
		4A87BAFE2C19CE9300868AED /* Model */ = {
			isa = PBXGroup;
			children = (
				4A87BB0A2C1A24E300868AED /* Person.swift */,
			);
			path = Model;
			sourceTree = "<group>";
		};
		4A87BAFF2C19CE9F00868AED /* Resources */ = {
			isa = PBXGroup;
			children = (
			);
			path = Resources;
			sourceTree = "<group>";
		};
		4A87BB042C19F7D400868AED /* Utilities */ = {
			isa = PBXGroup;
			children = (
				4A87BB052C19F7E700868AED /* Constant.swift */,
			);
			path = Utilities;
			sourceTree = "<group>";
		};
		4A87BB072C1A04A800868AED /* Services */ = {
			isa = PBXGroup;
			children = (
				4A87BB082C1A04C000868AED /* PersonApi.swift */,
			);
			path = Services;
			sourceTree = "<group>";
		};
		985C6CD2ACFCD7D43AC3F761 /* Pods */ = {
			isa = PBXGroup;
			children = (
				EC82FA9072DF8EF5C7233B48 /* Pods-StarTrivia.debug.xcconfig */,
				A4CBBB1CCFE37B23BEE91F21 /* Pods-StarTrivia.release.xcconfig */,
			);
			path = Pods;
			sourceTree = "<group>";
		};
		CA72C3CCFE09413BA4709CDB /* Frameworks */ = {
			isa = PBXGroup;
			children = (
				EE988A93EF185F33C1C444A2 /* Pods_StarTrivia.framework */,
			);
			name = Frameworks;
			sourceTree = "<group>";
		};
/* End PBXGroup section */

/* Begin PBXNativeTarget section */
		4A87BADD2C19CE2900868AED /* StarTrivia */ = {
			isa = PBXNativeTarget;
			buildConfigurationList = 4A87BAF22C19CE2A00868AED /* Build configuration list for PBXNativeTarget "StarTrivia" */;
			buildPhases = (
				AAC2C6E6246E4165E09143EA /* [CP] Check Pods Manifest.lock */,
				4A87BADA2C19CE2900868AED /* Sources */,
				4A87BADB2C19CE2900868AED /* Frameworks */,
				4A87BADC2C19CE2900868AED /* Resources */,
				9CEAC529F2A7D5788473FB01 /* [CP] Embed Pods Frameworks */,
			);
			buildRules = (
			);
			dependencies = (
			);
			name = StarTrivia;
			productName = StarTrivia;
			productReference = 4A87BADE2C19CE2900868AED /* StarTrivia.app */;
			productType = "com.apple.product-type.application";
		};
/* End PBXNativeTarget section */

/* Begin PBXProject section */
		4A87BAD62C19CE2900868AED /* Project object */ = {
			isa = PBXProject;
			attributes = {
				BuildIndependentTargetsInParallel = 1;
				LastSwiftUpdateCheck = 1540;
				LastUpgradeCheck = 1540;
				TargetAttributes = {
					4A87BADD2C19CE2900868AED = {
						CreatedOnToolsVersion = 15.4;
					};
				};
			};
			buildConfigurationList = 4A87BAD92C19CE2900868AED /* Build configuration list for PBXProject "StarTrivia" */;
			compatibilityVersion = "Xcode 14.0";
			developmentRegion = en;
			hasScannedForEncodings = 0;
			knownRegions = (
				en,
				Base,
			);
			mainGroup = 4A87BAD52C19CE2900868AED;
			productRefGroup = 4A87BADF2C19CE2900868AED /* Products */;
			projectDirPath = "";
			projectRoot = "";
			targets = (
				4A87BADD2C19CE2900868AED /* StarTrivia */,
			);
		};
/* End PBXProject section */

/* Begin PBXResourcesBuildPhase section */
		4A87BADC2C19CE2900868AED /* Resources */ = {
			isa = PBXResourcesBuildPhase;
			buildActionMask = 2147483647;
			files = (
				4A87BAEB2C19CE2A00868AED /* Assets.xcassets in Resources */,
				4A87BAEE2C19CE2A00868AED /* Base in Resources */,
				4A87BAF62C19CE4400868AED /* Starjedi.ttf in Resources */,
				4A87BAF82C19CE4B00868AED /* Starjhol.ttf in Resources */,
				4A87BAFA2C19CE5600868AED /* Starjout.ttf in Resources */,
				4A87BAE92C19CE2900868AED /* Base in Resources */,
			);
			runOnlyForDeploymentPostprocessing = 0;
		};
/* End PBXResourcesBuildPhase section */

/* Begin PBXShellScriptBuildPhase section */
		9CEAC529F2A7D5788473FB01 /* [CP] Embed Pods Frameworks */ = {
			isa = PBXShellScriptBuildPhase;
			buildActionMask = 2147483647;
			files = (
			);
			inputFileListPaths = (
				"${PODS_ROOT}/Target Support Files/Pods-StarTrivia/Pods-StarTrivia-frameworks-${CONFIGURATION}-input-files.xcfilelist",
			);
			name = "[CP] Embed Pods Frameworks";
			outputFileListPaths = (
				"${PODS_ROOT}/Target Support Files/Pods-StarTrivia/Pods-StarTrivia-frameworks-${CONFIGURATION}-output-files.xcfilelist",
			);
			runOnlyForDeploymentPostprocessing = 0;
			shellPath = /bin/sh;
			shellScript = "\"${PODS_ROOT}/Target Support Files/Pods-StarTrivia/Pods-StarTrivia-frameworks.sh\"\n";
			showEnvVarsInLog = 0;
		};
		AAC2C6E6246E4165E09143EA /* [CP] Check Pods Manifest.lock */ = {
			isa = PBXShellScriptBuildPhase;
			buildActionMask = 2147483647;
			files = (
			);
			inputFileListPaths = (
			);
			inputPaths = (
				"${PODS_PODFILE_DIR_PATH}/Podfile.lock",
				"${PODS_ROOT}/Manifest.lock",
			);
			name = "[CP] Check Pods Manifest.lock";
			outputFileListPaths = (
			);
			outputPaths = (
				"$(DERIVED_FILE_DIR)/Pods-StarTrivia-checkManifestLockResult.txt",
			);
			runOnlyForDeploymentPostprocessing = 0;
			shellPath = /bin/sh;
			shellScript = "diff \"${PODS_PODFILE_DIR_PATH}/Podfile.lock\" \"${PODS_ROOT}/Manifest.lock\" > /dev/null\nif [ $? != 0 ] ; then\n    # print error to STDERR\n    echo \"error: The sandbox is not in sync with the Podfile.lock. Run 'pod install' or update your CocoaPods installation.\" >&2\n    exit 1\nfi\n# This output is used by Xcode 'outputs' to avoid re-running this script phase.\necho \"SUCCESS\" > \"${SCRIPT_OUTPUT_FILE_0}\"\n";
			showEnvVarsInLog = 0;
		};
/* End PBXShellScriptBuildPhase section */

/* Begin PBXSourcesBuildPhase section */
		4A87BADA2C19CE2900868AED /* Sources */ = {
			isa = PBXSourcesBuildPhase;
			buildActionMask = 2147483647;
			files = (
				4A87BAE62C19CE2900868AED /* ViewController.swift in Sources */,
				4A87BB092C1A04C000868AED /* PersonApi.swift in Sources */,
				4A87BB032C19F76100868AED /* BlackBgView.swift in Sources */,
				4A87BB062C19F7E700868AED /* Constant.swift in Sources */,
				4A87BB0B2C1A24E300868AED /* Person.swift in Sources */,
				4A87BAE22C19CE2900868AED /* AppDelegate.swift in Sources */,
				4A87BAE42C19CE2900868AED /* SceneDelegate.swift in Sources */,
			);
			runOnlyForDeploymentPostprocessing = 0;
		};
/* End PBXSourcesBuildPhase section */

/* Begin PBXVariantGroup section */
		4A87BAE72C19CE2900868AED /* Main.storyboard */ = {
			isa = PBXVariantGroup;
			children = (
				4A87BAE82C19CE2900868AED /* Base */,
			);
			name = Main.storyboard;
			sourceTree = "<group>";
		};
		4A87BAEC2C19CE2A00868AED /* LaunchScreen.storyboard */ = {
			isa = PBXVariantGroup;
			children = (
				4A87BAED2C19CE2A00868AED /* Base */,
			);
			name = LaunchScreen.storyboard;
			sourceTree = "<group>";
		};
/* End PBXVariantGroup section */

/* Begin XCBuildConfiguration section */
		4A87BAF02C19CE2A00868AED /* Debug */ = {
			isa = XCBuildConfiguration;
			buildSettings = {
				ALWAYS_SEARCH_USER_PATHS = NO;
				ASSETCATALOG_COMPILER_GENERATE_SWIFT_ASSET_SYMBOL_EXTENSIONS = YES;
				CLANG_ANALYZER_NONNULL = YES;
				CLANG_ANALYZER_NUMBER_OBJECT_CONVERSION = YES_AGGRESSIVE;
				CLANG_CXX_LANGUAGE_STANDARD = "gnu++20";
				CLANG_ENABLE_MODULES = YES;
				CLANG_ENABLE_OBJC_ARC = YES;
				CLANG_ENABLE_OBJC_WEAK = YES;
				CLANG_WARN_BLOCK_CAPTURE_AUTORELEASING = YES;
				CLANG_WARN_BOOL_CONVERSION = YES;
				CLANG_WARN_COMMA = YES;
				CLANG_WARN_CONSTANT_CONVERSION = YES;
				CLANG_WARN_DEPRECATED_OBJC_IMPLEMENTATIONS = YES;
				CLANG_WARN_DIRECT_OBJC_ISA_USAGE = YES_ERROR;
				CLANG_WARN_DOCUMENTATION_COMMENTS = YES;
				CLANG_WARN_EMPTY_BODY = YES;
				CLANG_WARN_ENUM_CONVERSION = YES;
				CLANG_WARN_INFINITE_RECURSION = YES;
				CLANG_WARN_INT_CONVERSION = YES;
				CLANG_WARN_NON_LITERAL_NULL_CONVERSION = YES;
				CLANG_WARN_OBJC_IMPLICIT_RETAIN_SELF = YES;
				CLANG_WARN_OBJC_LITERAL_CONVERSION = YES;
				CLANG_WARN_OBJC_ROOT_CLASS = YES_ERROR;
				CLANG_WARN_QUOTED_INCLUDE_IN_FRAMEWORK_HEADER = YES;
				CLANG_WARN_RANGE_LOOP_ANALYSIS = YES;
				CLANG_WARN_STRICT_PROTOTYPES = YES;
				CLANG_WARN_SUSPICIOUS_MOVE = YES;
				CLANG_WARN_UNGUARDED_AVAILABILITY = YES_AGGRESSIVE;
				CLANG_WARN_UNREACHABLE_CODE = YES;
				CLANG_WARN__DUPLICATE_METHOD_MATCH = YES;
				COPY_PHASE_STRIP = NO;
				DEBUG_INFORMATION_FORMAT = dwarf;
				ENABLE_STRICT_OBJC_MSGSEND = YES;
				ENABLE_TESTABILITY = YES;
				ENABLE_USER_SCRIPT_SANDBOXING = NO;
				GCC_C_LANGUAGE_STANDARD = gnu17;
				GCC_DYNAMIC_NO_PIC = NO;
				GCC_NO_COMMON_BLOCKS = YES;
				GCC_OPTIMIZATION_LEVEL = 0;
				GCC_PREPROCESSOR_DEFINITIONS = (
					"DEBUG=1",
					"$(inherited)",
				);
				GCC_WARN_64_TO_32_BIT_CONVERSION = YES;
				GCC_WARN_ABOUT_RETURN_TYPE = YES_ERROR;
				GCC_WARN_UNDECLARED_SELECTOR = YES;
				GCC_WARN_UNINITIALIZED_AUTOS = YES_AGGRESSIVE;
				GCC_WARN_UNUSED_FUNCTION = YES;
				GCC_WARN_UNUSED_VARIABLE = YES;
				IPHONEOS_DEPLOYMENT_TARGET = 17.5;
				LOCALIZATION_PREFERS_STRING_CATALOGS = YES;
				MTL_ENABLE_DEBUG_INFO = INCLUDE_SOURCE;
				MTL_FAST_MATH = YES;
				ONLY_ACTIVE_ARCH = YES;
				SDKROOT = iphoneos;
				SWIFT_ACTIVE_COMPILATION_CONDITIONS = "DEBUG $(inherited)";
				SWIFT_OPTIMIZATION_LEVEL = "-Onone";
			};
			name = Debug;
		};
		4A87BAF12C19CE2A00868AED /* Release */ = {
			isa = XCBuildConfiguration;
			buildSettings = {
				ALWAYS_SEARCH_USER_PATHS = NO;
				ASSETCATALOG_COMPILER_GENERATE_SWIFT_ASSET_SYMBOL_EXTENSIONS = YES;
				CLANG_ANALYZER_NONNULL = YES;
				CLANG_ANALYZER_NUMBER_OBJECT_CONVERSION = YES_AGGRESSIVE;
				CLANG_CXX_LANGUAGE_STANDARD = "gnu++20";
				CLANG_ENABLE_MODULES = YES;
				CLANG_ENABLE_OBJC_ARC = YES;
				CLANG_ENABLE_OBJC_WEAK = YES;
				CLANG_WARN_BLOCK_CAPTURE_AUTORELEASING = YES;
				CLANG_WARN_BOOL_CONVERSION = YES;
				CLANG_WARN_COMMA = YES;
				CLANG_WARN_CONSTANT_CONVERSION = YES;
				CLANG_WARN_DEPRECATED_OBJC_IMPLEMENTATIONS = YES;
				CLANG_WARN_DIRECT_OBJC_ISA_USAGE = YES_ERROR;
				CLANG_WARN_DOCUMENTATION_COMMENTS = YES;
				CLANG_WARN_EMPTY_BODY = YES;
				CLANG_WARN_ENUM_CONVERSION = YES;
				CLANG_WARN_INFINITE_RECURSION = YES;
				CLANG_WARN_INT_CONVERSION = YES;
				CLANG_WARN_NON_LITERAL_NULL_CONVERSION = YES;
				CLANG_WARN_OBJC_IMPLICIT_RETAIN_SELF = YES;
				CLANG_WARN_OBJC_LITERAL_CONVERSION = YES;
				CLANG_WARN_OBJC_ROOT_CLASS = YES_ERROR;
				CLANG_WARN_QUOTED_INCLUDE_IN_FRAMEWORK_HEADER = YES;
				CLANG_WARN_RANGE_LOOP_ANALYSIS = YES;
				CLANG_WARN_STRICT_PROTOTYPES = YES;
				CLANG_WARN_SUSPICIOUS_MOVE = YES;
				CLANG_WARN_UNGUARDED_AVAILABILITY = YES_AGGRESSIVE;
				CLANG_WARN_UNREACHABLE_CODE = YES;
				CLANG_WARN__DUPLICATE_METHOD_MATCH = YES;
				COPY_PHASE_STRIP = NO;
				DEBUG_INFORMATION_FORMAT = "dwarf-with-dsym";
				ENABLE_NS_ASSERTIONS = NO;
				ENABLE_STRICT_OBJC_MSGSEND = YES;
				ENABLE_USER_SCRIPT_SANDBOXING = NO;
				GCC_C_LANGUAGE_STANDARD = gnu17;
				GCC_NO_COMMON_BLOCKS = YES;
				GCC_WARN_64_TO_32_BIT_CONVERSION = YES;
				GCC_WARN_ABOUT_RETURN_TYPE = YES_ERROR;
				GCC_WARN_UNDECLARED_SELECTOR = YES;
				GCC_WARN_UNINITIALIZED_AUTOS = YES_AGGRESSIVE;
				GCC_WARN_UNUSED_FUNCTION = YES;
				GCC_WARN_UNUSED_VARIABLE = YES;
				IPHONEOS_DEPLOYMENT_TARGET = 17.5;
				LOCALIZATION_PREFERS_STRING_CATALOGS = YES;
				MTL_ENABLE_DEBUG_INFO = NO;
				MTL_FAST_MATH = YES;
				SDKROOT = iphoneos;
				SWIFT_COMPILATION_MODE = wholemodule;
				VALIDATE_PRODUCT = YES;
			};
			name = Release;
		};
		4A87BAF32C19CE2A00868AED /* Debug */ = {
			isa = XCBuildConfiguration;
			baseConfigurationReference = EC82FA9072DF8EF5C7233B48 /* Pods-StarTrivia.debug.xcconfig */;
			buildSettings = {
				ASSETCATALOG_COMPILER_APPICON_NAME = AppIcon;
				ASSETCATALOG_COMPILER_GLOBAL_ACCENT_COLOR_NAME = AccentColor;
				CODE_SIGN_STYLE = Automatic;
				CURRENT_PROJECT_VERSION = 1;
				DEVELOPMENT_TEAM = 235VR6UC3H;
				GENERATE_INFOPLIST_FILE = YES;
				INFOPLIST_FILE = StarTrivia/Info.plist;
				INFOPLIST_KEY_UIApplicationSupportsIndirectInputEvents = YES;
				INFOPLIST_KEY_UILaunchStoryboardName = LaunchScreen;
				INFOPLIST_KEY_UIMainStoryboardFile = Main;
				INFOPLIST_KEY_UISupportedInterfaceOrientations_iPad = "UIInterfaceOrientationPortrait UIInterfaceOrientationPortraitUpsideDown UIInterfaceOrientationLandscapeLeft UIInterfaceOrientationLandscapeRight";
				INFOPLIST_KEY_UISupportedInterfaceOrientations_iPhone = "UIInterfaceOrientationPortrait UIInterfaceOrientationLandscapeLeft UIInterfaceOrientationLandscapeRight";
				IPHONEOS_DEPLOYMENT_TARGET = 16.2;
				LD_RUNPATH_SEARCH_PATHS = (
					"$(inherited)",
					"@executable_path/Frameworks",
				);
				MARKETING_VERSION = 1.0;
				PRODUCT_BUNDLE_IDENTIFIER = com.SaudAnup.StarTrivia;
				PRODUCT_NAME = "$(TARGET_NAME)";
				SWIFT_EMIT_LOC_STRINGS = YES;
				SWIFT_VERSION = 5.0;
				TARGETED_DEVICE_FAMILY = "1,2";
			};
			name = Debug;
		};
		4A87BAF42C19CE2A00868AED /* Release */ = {
			isa = XCBuildConfiguration;
			baseConfigurationReference = A4CBBB1CCFE37B23BEE91F21 /* Pods-StarTrivia.release.xcconfig */;
			buildSettings = {
				ASSETCATALOG_COMPILER_APPICON_NAME = AppIcon;
				ASSETCATALOG_COMPILER_GLOBAL_ACCENT_COLOR_NAME = AccentColor;
				CODE_SIGN_STYLE = Automatic;
				CURRENT_PROJECT_VERSION = 1;
				DEVELOPMENT_TEAM = 235VR6UC3H;
				GENERATE_INFOPLIST_FILE = YES;
				INFOPLIST_FILE = StarTrivia/Info.plist;
				INFOPLIST_KEY_UIApplicationSupportsIndirectInputEvents = YES;
				INFOPLIST_KEY_UILaunchStoryboardName = LaunchScreen;
				INFOPLIST_KEY_UIMainStoryboardFile = Main;
				INFOPLIST_KEY_UISupportedInterfaceOrientations_iPad = "UIInterfaceOrientationPortrait UIInterfaceOrientationPortraitUpsideDown UIInterfaceOrientationLandscapeLeft UIInterfaceOrientationLandscapeRight";
				INFOPLIST_KEY_UISupportedInterfaceOrientations_iPhone = "UIInterfaceOrientationPortrait UIInterfaceOrientationLandscapeLeft UIInterfaceOrientationLandscapeRight";
				IPHONEOS_DEPLOYMENT_TARGET = 16.2;
				LD_RUNPATH_SEARCH_PATHS = (
					"$(inherited)",
					"@executable_path/Frameworks",
				);
				MARKETING_VERSION = 1.0;
				PRODUCT_BUNDLE_IDENTIFIER = com.SaudAnup.StarTrivia;
				PRODUCT_NAME = "$(TARGET_NAME)";
				SWIFT_EMIT_LOC_STRINGS = YES;
				SWIFT_VERSION = 5.0;
				TARGETED_DEVICE_FAMILY = "1,2";
			};
			name = Release;
		};
/* End XCBuildConfiguration section */

/* Begin XCConfigurationList section */
		4A87BAD92C19CE2900868AED /* Build configuration list for PBXProject "StarTrivia" */ = {
			isa = XCConfigurationList;
			buildConfigurations = (
				4A87BAF02C19CE2A00868AED /* Debug */,
				4A87BAF12C19CE2A00868AED /* Release */,
			);
			defaultConfigurationIsVisible = 0;
			defaultConfigurationName = Release;
		};
		4A87BAF22C19CE2A00868AED /* Build configuration list for PBXNativeTarget "StarTrivia" */ = {
			isa = XCConfigurationList;
			buildConfigurations = (
				4A87BAF32C19CE2A00868AED /* Debug */,
				4A87BAF42C19CE2A00868AED /* Release */,
			);
			defaultConfigurationIsVisible = 0;
			defaultConfigurationName = Release;
		};
/* End XCConfigurationList section */
	};
	rootObject = 4A87BAD62C19CE2900868AED /* Project object */;
}
